
Microsoft Visual Studio Solution File, Format Version 12.00
# Visual Studio Version 17
VisualStudioVersion = 17.4.33205.214
MinimumVisualStudioVersion = 10.0.40219.1
Project("{FAE04EC0-301F-11D3-BF4B-00C04F79EFBC}") = "Task1", "Task1\Task1.csproj", "{AA791C15-7B55-4443-AC2B-FBB58541693D}"
EndProject
Global
	GlobalSection(SolutionConfigurationPlatforms) = preSolution
		Debug|Any CPU = Debug|Any CPU
		Release|Any CPU = Release|Any CPU
	EndGlobalSection
	GlobalSection(ProjectConfigurationPlatforms) = postSolution
		{AA791C15-7B55-4443-AC2B-FBB58541693D}.Debug|Any CPU.ActiveCfg = Debug|Any CPU
		{AA791C15-7B55-4443-AC2B-FBB58541693D}.Debug|Any CPU.Build.0 = Debug|Any CPU
		{AA791C15-7B55-4443-AC2B-FBB58541693D}.Release|Any CPU.ActiveCfg = Release|Any CPU
		{AA791C15-7B55-4443-AC2B-FBB58541693D}.Release|Any CPU.Build.0 = Release|Any CPU
	EndGlobalSection
	GlobalSection(SolutionProperties) = preSolution
		HideSolutionNode = FALSE
	EndGlobalSection
	GlobalSection(ExtensibilityGlobals) = postSolution
		SolutionGuid = {BDD7D3EF-4657-4F9C-85D9-A15A072370C5}
	EndGlobalSection
EndGlobal
